
Microsoft Visual Studio Solution File, Format Version 12.00
# Visual Studio Version 17
VisualStudioVersion = 17.1.32319.34
MinimumVisualStudioVersion = 10.0.40219.1
Project("{FAE04EC0-301F-11D3-BF4B-00C04F79EFBC}") = "CSSpring2022MTM2", "CSSpring2022MTM2.csproj", "{9E9C9B35-10A2-49C8-807D-340A19BF8A38}"
EndProject
Global
	GlobalSection(SolutionConfigurationPlatforms) = preSolution
		Debug|Any CPU = Debug|Any CPU
		Debug|x64 = Debug|x64
		Release|Any CPU = Release|Any CPU
		Release|x64 = Release|x64
	EndGlobalSection
	GlobalSection(ProjectConfigurationPlatforms) = postSolution
		{9E9C9B35-10A2-49C8-807D-340A19BF8A38}.Debug|Any CPU.ActiveCfg = Debug|Any CPU
		{9E9C9B35-10A2-49C8-807D-340A19BF8A38}.Debug|Any CPU.Build.0 = Debug|Any CPU
		{9E9C9B35-10A2-49C8-807D-340A19BF8A38}.Debug|x64.ActiveCfg = Debug|x64
		{9E9C9B35-10A2-49C8-807D-340A19BF8A38}.Debug|x64.Build.0 = Debug|x64
		{9E9C9B35-10A2-49C8-807D-340A19BF8A38}.Release|Any CPU.ActiveCfg = Release|Any CPU
		{9E9C9B35-10A2-49C8-807D-340A19BF8A38}.Release|Any CPU.Build.0 = Release|Any CPU
		{9E9C9B35-10A2-49C8-807D-340A19BF8A38}.Release|x64.ActiveCfg = Release|x64
		{9E9C9B35-10A2-49C8-807D-340A19BF8A38}.Release|x64.Build.0 = Release|x64
	EndGlobalSection
	GlobalSection(SolutionProperties) = preSolution
		HideSolutionNode = FALSE
	EndGlobalSection
	GlobalSection(ExtensibilityGlobals) = postSolution
		SolutionGuid = {791AB5F2-6592-424E-9194-4D6603A7DBA1}
	EndGlobalSection
EndGlobal
